
Microsoft Visual Studio Solution File, Format Version 12.00
# Visual Studio Version 16
VisualStudioVersion = 16.0.30002.166
MinimumVisualStudioVersion = 10.0.40219.1
Project("{FAE04EC0-301F-11D3-BF4B-00C04F79EFBC}") = "Hypothesis tester form", "Hypothesis tester form\Hypothesis tester form.csproj", "{0ED40F81-9C08-4584-98E3-22CE64D89E0E}"
EndProject
Project("{54435603-DBB4-11D2-8724-00A0C9A8B90C}") = "Hypothesis tester setup", "Hypothesis tester setup\Hypothesis tester setup.vdproj", "{E3BA60C9-EB2D-485E-AEC8-70D9EEB36D9D}"
EndProject
Global
	GlobalSection(SolutionConfigurationPlatforms) = preSolution
		Debug|Any CPU = Debug|Any CPU
		Release|Any CPU = Release|Any CPU
	EndGlobalSection
	GlobalSection(ProjectConfigurationPlatforms) = postSolution
		{0ED40F81-9C08-4584-98E3-22CE64D89E0E}.Debug|Any CPU.ActiveCfg = Debug|Any CPU
		{0ED40F81-9C08-4584-98E3-22CE64D89E0E}.Debug|Any CPU.Build.0 = Debug|Any CPU
		{0ED40F81-9C08-4584-98E3-22CE64D89E0E}.Release|Any CPU.ActiveCfg = Release|Any CPU
		{0ED40F81-9C08-4584-98E3-22CE64D89E0E}.Release|Any CPU.Build.0 = Release|Any CPU
		{E3BA60C9-EB2D-485E-AEC8-70D9EEB36D9D}.Debug|Any CPU.ActiveCfg = Debug
		{E3BA60C9-EB2D-485E-AEC8-70D9EEB36D9D}.Release|Any CPU.ActiveCfg = Release
	EndGlobalSection
	GlobalSection(SolutionProperties) = preSolution
		HideSolutionNode = FALSE
	EndGlobalSection
	GlobalSection(ExtensibilityGlobals) = postSolution
		SolutionGuid = {04362264-5B93-4402-9FD2-64137B62C6EC}
	EndGlobalSection
EndGlobal
